
Microsoft Visual Studio Solution File, Format Version 12.00
# Visual Studio Version 17
VisualStudioVersion = 17.6.33829.357
MinimumVisualStudioVersion = 10.0.40219.1
Project("{FAE04EC0-301F-11D3-BF4B-00C04F79EFBC}") = "InsertSubstring", "InsertSubstring.csproj", "{8869B5F5-070C-4483-8E10-96F5C63B9EDD}"
EndProject
Global
	GlobalSection(SolutionConfigurationPlatforms) = preSolution
		Debug|Any CPU = Debug|Any CPU
		Release|Any CPU = Release|Any CPU
	EndGlobalSection
	GlobalSection(ProjectConfigurationPlatforms) = postSolution
		{8869B5F5-070C-4483-8E10-96F5C63B9EDD}.Debug|Any CPU.ActiveCfg = Debug|Any CPU
		{8869B5F5-070C-4483-8E10-96F5C63B9EDD}.Debug|Any CPU.Build.0 = Debug|Any CPU
		{8869B5F5-070C-4483-8E10-96F5C63B9EDD}.Release|Any CPU.ActiveCfg = Release|Any CPU
		{8869B5F5-070C-4483-8E10-96F5C63B9EDD}.Release|Any CPU.Build.0 = Release|Any CPU
	EndGlobalSection
	GlobalSection(SolutionProperties) = preSolution
		HideSolutionNode = FALSE
	EndGlobalSection
	GlobalSection(ExtensibilityGlobals) = postSolution
		SolutionGuid = {76464EA7-2DFE-4AD0-90E6-985F0684059E}
	EndGlobalSection
EndGlobal
