
Microsoft Visual Studio Solution File, Format Version 12.00
# Visual Studio Version 17
VisualStudioVersion = 17.6.33829.357
MinimumVisualStudioVersion = 10.0.40219.1
Project("{FAE04EC0-301F-11D3-BF4B-00C04F79EFBC}") = "6Arrays", "6Arrays.csproj", "{96B05EC2-3972-42A1-84FC-EE4D078C6719}"
EndProject
Global
	GlobalSection(SolutionConfigurationPlatforms) = preSolution
		Debug|Any CPU = Debug|Any CPU
		Release|Any CPU = Release|Any CPU
	EndGlobalSection
	GlobalSection(ProjectConfigurationPlatforms) = postSolution
		{96B05EC2-3972-42A1-84FC-EE4D078C6719}.Debug|Any CPU.ActiveCfg = Debug|Any CPU
		{96B05EC2-3972-42A1-84FC-EE4D078C6719}.Debug|Any CPU.Build.0 = Debug|Any CPU
		{96B05EC2-3972-42A1-84FC-EE4D078C6719}.Release|Any CPU.ActiveCfg = Release|Any CPU
		{96B05EC2-3972-42A1-84FC-EE4D078C6719}.Release|Any CPU.Build.0 = Release|Any CPU
	EndGlobalSection
	GlobalSection(SolutionProperties) = preSolution
		HideSolutionNode = FALSE
	EndGlobalSection
	GlobalSection(ExtensibilityGlobals) = postSolution
		SolutionGuid = {FA1725C4-E715-4946-A369-197AB324D836}
	EndGlobalSection
EndGlobal
