
Microsoft Visual Studio Solution File, Format Version 12.00
# Visual Studio Version 17
VisualStudioVersion = 17.6.33829.357
MinimumVisualStudioVersion = 10.0.40219.1
Project("{FAE04EC0-301F-11D3-BF4B-00C04F79EFBC}") = "SumofnNaturalNumbers", "SumofnNaturalNumbers.csproj", "{3F634CDE-4B8D-4CE1-B144-1CDD7234118F}"
EndProject
Global
	GlobalSection(SolutionConfigurationPlatforms) = preSolution
		Debug|Any CPU = Debug|Any CPU
		Release|Any CPU = Release|Any CPU
	EndGlobalSection
	GlobalSection(ProjectConfigurationPlatforms) = postSolution
		{3F634CDE-4B8D-4CE1-B144-1CDD7234118F}.Debug|Any CPU.ActiveCfg = Debug|Any CPU
		{3F634CDE-4B8D-4CE1-B144-1CDD7234118F}.Debug|Any CPU.Build.0 = Debug|Any CPU
		{3F634CDE-4B8D-4CE1-B144-1CDD7234118F}.Release|Any CPU.ActiveCfg = Release|Any CPU
		{3F634CDE-4B8D-4CE1-B144-1CDD7234118F}.Release|Any CPU.Build.0 = Release|Any CPU
	EndGlobalSection
	GlobalSection(SolutionProperties) = preSolution
		HideSolutionNode = FALSE
	EndGlobalSection
	GlobalSection(ExtensibilityGlobals) = postSolution
		SolutionGuid = {28F84E56-7F7C-4EF6-834F-D3344438224D}
	EndGlobalSection
EndGlobal
