
Microsoft Visual Studio Solution File, Format Version 12.00
# Visual Studio Version 17
VisualStudioVersion = 17.6.33829.357
MinimumVisualStudioVersion = 10.0.40219.1
Project("{FAE04EC0-301F-11D3-BF4B-00C04F79EFBC}") = "FileReadUsingFileStream", "FileReadUsingFileStream.csproj", "{BB412002-4D8B-487E-B5D9-74066A20A1D2}"
EndProject
Global
	GlobalSection(SolutionConfigurationPlatforms) = preSolution
		Debug|Any CPU = Debug|Any CPU
		Release|Any CPU = Release|Any CPU
	EndGlobalSection
	GlobalSection(ProjectConfigurationPlatforms) = postSolution
		{BB412002-4D8B-487E-B5D9-74066A20A1D2}.Debug|Any CPU.ActiveCfg = Debug|Any CPU
		{BB412002-4D8B-487E-B5D9-74066A20A1D2}.Debug|Any CPU.Build.0 = Debug|Any CPU
		{BB412002-4D8B-487E-B5D9-74066A20A1D2}.Release|Any CPU.ActiveCfg = Release|Any CPU
		{BB412002-4D8B-487E-B5D9-74066A20A1D2}.Release|Any CPU.Build.0 = Release|Any CPU
	EndGlobalSection
	GlobalSection(SolutionProperties) = preSolution
		HideSolutionNode = FALSE
	EndGlobalSection
	GlobalSection(ExtensibilityGlobals) = postSolution
		SolutionGuid = {09CC5E3A-FE55-406A-91A7-4B2A1D679416}
	EndGlobalSection
EndGlobal
