
Microsoft Visual Studio Solution File, Format Version 12.00
# Visual Studio Version 17
VisualStudioVersion = 17.6.33829.357
MinimumVisualStudioVersion = 10.0.40219.1
Project("{FAE04EC0-301F-11D3-BF4B-00C04F79EFBC}") = "11List", "11List.csproj", "{67242BA8-2E19-4F53-9977-9BFFC3CF6EB3}"
EndProject
Global
	GlobalSection(SolutionConfigurationPlatforms) = preSolution
		Debug|Any CPU = Debug|Any CPU
		Release|Any CPU = Release|Any CPU
	EndGlobalSection
	GlobalSection(ProjectConfigurationPlatforms) = postSolution
		{67242BA8-2E19-4F53-9977-9BFFC3CF6EB3}.Debug|Any CPU.ActiveCfg = Debug|Any CPU
		{67242BA8-2E19-4F53-9977-9BFFC3CF6EB3}.Debug|Any CPU.Build.0 = Debug|Any CPU
		{67242BA8-2E19-4F53-9977-9BFFC3CF6EB3}.Release|Any CPU.ActiveCfg = Release|Any CPU
		{67242BA8-2E19-4F53-9977-9BFFC3CF6EB3}.Release|Any CPU.Build.0 = Release|Any CPU
	EndGlobalSection
	GlobalSection(SolutionProperties) = preSolution
		HideSolutionNode = FALSE
	EndGlobalSection
	GlobalSection(ExtensibilityGlobals) = postSolution
		SolutionGuid = {BF2C7E7D-A334-4159-B103-02C6942CFFD8}
	EndGlobalSection
EndGlobal
