
Microsoft Visual Studio Solution File, Format Version 12.00
# Visual Studio Version 17
VisualStudioVersion = 17.6.33829.357
MinimumVisualStudioVersion = 10.0.40219.1
Project("{FAE04EC0-301F-11D3-BF4B-00C04F79EFBC}") = "IntegerNumber", "IntegerNumber.csproj", "{070380A9-7602-4007-A48F-E807303CF4A2}"
EndProject
Global
	GlobalSection(SolutionConfigurationPlatforms) = preSolution
		Debug|Any CPU = Debug|Any CPU
		Release|Any CPU = Release|Any CPU
	EndGlobalSection
	GlobalSection(ProjectConfigurationPlatforms) = postSolution
		{070380A9-7602-4007-A48F-E807303CF4A2}.Debug|Any CPU.ActiveCfg = Debug|Any CPU
		{070380A9-7602-4007-A48F-E807303CF4A2}.Debug|Any CPU.Build.0 = Debug|Any CPU
		{070380A9-7602-4007-A48F-E807303CF4A2}.Release|Any CPU.ActiveCfg = Release|Any CPU
		{070380A9-7602-4007-A48F-E807303CF4A2}.Release|Any CPU.Build.0 = Release|Any CPU
	EndGlobalSection
	GlobalSection(SolutionProperties) = preSolution
		HideSolutionNode = FALSE
	EndGlobalSection
	GlobalSection(ExtensibilityGlobals) = postSolution
		SolutionGuid = {7ED47380-6388-49F8-A055-FBF058ABAC63}
	EndGlobalSection
EndGlobal
