
Microsoft Visual Studio Solution File, Format Version 12.00
# Visual Studio Version 17
VisualStudioVersion = 17.6.33829.357
MinimumVisualStudioVersion = 10.0.40219.1
Project("{FAE04EC0-301F-11D3-BF4B-00C04F79EFBC}") = "10List", "10List.csproj", "{D7F56762-724A-4D1A-BDDD-D6CE3C2DDA9B}"
EndProject
Global
	GlobalSection(SolutionConfigurationPlatforms) = preSolution
		Debug|Any CPU = Debug|Any CPU
		Release|Any CPU = Release|Any CPU
	EndGlobalSection
	GlobalSection(ProjectConfigurationPlatforms) = postSolution
		{D7F56762-724A-4D1A-BDDD-D6CE3C2DDA9B}.Debug|Any CPU.ActiveCfg = Debug|Any CPU
		{D7F56762-724A-4D1A-BDDD-D6CE3C2DDA9B}.Debug|Any CPU.Build.0 = Debug|Any CPU
		{D7F56762-724A-4D1A-BDDD-D6CE3C2DDA9B}.Release|Any CPU.ActiveCfg = Release|Any CPU
		{D7F56762-724A-4D1A-BDDD-D6CE3C2DDA9B}.Release|Any CPU.Build.0 = Release|Any CPU
	EndGlobalSection
	GlobalSection(SolutionProperties) = preSolution
		HideSolutionNode = FALSE
	EndGlobalSection
	GlobalSection(ExtensibilityGlobals) = postSolution
		SolutionGuid = {4A5023E4-F7D2-48FB-A10F-0242EB687AE7}
	EndGlobalSection
EndGlobal
